github.com/google/uuid v1.4.0 h1:MtMxsa51/r9yyhkyLsVeVt0B+BGQZzpQiTQ4eHZ8bc4=
github.com/google/uuid v1.4.0/go.mod h1:TIyPZe4MgqvfeYDBFedMoGGpEw/LqOeaOT+nhxU+yHo=
github.com/jepsen-io/maelstrom/demo/go v0.0.0-20231031014016-1815896cad51 h1:Z8j/O9ZaY1Qn61gL1TsXDo3IX8CWHkHPVwSw/2gKw1M=
github.com/jepsen-io/maelstrom/demo/go v0.0.0-20231031014016-1815896cad51/go.mod h1:i6aVIs5AIOOaQF1lAisBm7DDeWM1Iopf+26UxjagsCU=
